{
    "version": 3,
    "terraform_version": "0.8.8",
    "serial": 2,
    "lineage": "c372f913-360f-4480-900c-829d0d69a353",
    "modules": [
        {
            "path": [
                "root"
            ],
            "outputs": {},
            "resources": {
                "aws_instance.test-docker-ce": {
                    "type": "aws_instance",
                    "depends_on": [
                        "aws_key_pair.auth",
                        "aws_security_group.test-docker-ce",
                        "aws_subnet.test-docker-ce"
                    ],
                    "primary": {
                        "id": "i-07cb4b150d4f2cc8e",
                        "attributes": {
                            "ami": "ami-e3d87ff5",
                            "associate_public_ip_address": "true",
                            "availability_zone": "us-east-1a",
                            "disable_api_termination": "false",
                            "ebs_block_device.#": "0",
                            "ebs_optimized": "false",
                            "ephemeral_block_device.#": "0",
                            "iam_instance_profile": "",
                            "id": "i-07cb4b150d4f2cc8e",
                            "instance_state": "running",
                            "instance_type": "t2.nano",
                            "ipv6_address_count": "0",
                            "ipv6_addresses.#": "0",
                            "key_name": "test-docker-ce",
                            "monitoring": "false",
                            "network_interface_id": "eni-59b031ba",
                            "private_dns": "ip-10-0-5-125.ec2.internal",
                            "private_ip": "10.0.5.125",
                            "public_dns": "ec2-54-164-49-112.compute-1.amazonaws.com",
                            "public_ip": "54.164.49.112",
                            "root_block_device.#": "1",
                            "root_block_device.0.delete_on_termination": "true",
                            "root_block_device.0.iops": "100",
                            "root_block_device.0.volume_size": "8",
                            "root_block_device.0.volume_type": "gp2",
                            "security_groups.#": "0",
                            "source_dest_check": "true",
                            "subnet_id": "subnet-f9f314b1",
                            "tags.%": "4",
                            "tags.Environment": "test-docker-ce",
                            "tags.Name": "tf-instance-test-docker-ce",
                            "tags.Owner": "Gary A. Stafford",
                            "tags.Terraform": "1",
                            "tenancy": "default",
                            "vpc_security_group_ids.#": "1",
                            "vpc_security_group_ids.583538893": "sg-647a901b"
                        },
                        "meta": {
                            "schema_version": "1"
                        },
                        "tainted": false
                    },
                    "deposed": [],
                    "provider": ""
                },
                "aws_internet_gateway.test-docker-ce": {
                    "type": "aws_internet_gateway",
                    "depends_on": [
                        "aws_vpc.test-docker-ce"
                    ],
                    "primary": {
                        "id": "igw-968582f1",
                        "attributes": {
                            "id": "igw-968582f1",
                            "tags.%": "4",
                            "tags.Environment": "test-docker-ce",
                            "tags.Name": "tf-internet-gateway-test-docker-ce",
                            "tags.Owner": "Gary Stafford",
                            "tags.Terraform": "1",
                            "vpc_id": "vpc-f5cb8893"
                        },
                        "meta": {},
                        "tainted": false
                    },
                    "deposed": [],
                    "provider": ""
                },
                "aws_key_pair.auth": {
                    "type": "aws_key_pair",
                    "depends_on": [],
                    "primary": {
                        "id": "test-docker-ce",
                        "attributes": {
                            "fingerprint": "f3:60:a8:37:2a:89:a3:42:c9:3f:63:88:86:3c:36:d6",
                            "id": "test-docker-ce",
                            "key_name": "test-docker-ce",
                            "public_key": "ssh-rsa AAAAB3NzaC1yc2EAAAADAQABAAABAQDxklUp2/IogeTkHYvAnRk0J6+OaROzv/XBF2hJUV4jKSX3KTieFBCljnOFo8hsCIOKtVBC+MW1dVjbG1Brqv3JCesLN53t28WZgXqEhIGZQqo1zGuf/u3CVxsxWD2kptT672aoOWjqA8o95mpqnde4a/OJ0/lNx9A/DTpZS6BDXRMdBVozf6piM7g8jNdlQou8Ll4yWnWPABDE6mBGUCHCCdjYOqWl2eM2CYSvwoGsq0uvxAQwvxeGcfJwKXdhQhQmd+FYkrg0lPMKM37F80QM/RggKYlTvJCNzkZoEnZ7Y1krjupXmI+noK9/NhW4FmjE09hRWWA6nbWDzRFgUFKF garystafford@rochester.rr.com"
                        },
                        "meta": {
                            "schema_version": "1"
                        },
                        "tainted": false
                    },
                    "deposed": [],
                    "provider": ""
                },
                "aws_route.test-docker-ce": {
                    "type": "aws_route",
                    "depends_on": [
                        "aws_internet_gateway.test-docker-ce",
                        "aws_vpc.test-docker-ce"
                    ],
                    "primary": {
                        "id": "r-rtb-588611211080289494",
                        "attributes": {
                            "destination_cidr_block": "0.0.0.0/0",
                            "destination_prefix_list_id": "",
                            "gateway_id": "igw-968582f1",
                            "id": "r-rtb-588611211080289494",
                            "instance_id": "",
                            "instance_owner_id": "",
                            "nat_gateway_id": "",
                            "network_interface_id": "",
                            "origin": "CreateRoute",
                            "route_table_id": "rtb-58861121",
                            "state": "active",
                            "vpc_peering_connection_id": ""
                        },
                        "meta": {},
                        "tainted": false
                    },
                    "deposed": [],
                    "provider": ""
                },
                "aws_route_table.test-docker-ce": {
                    "type": "aws_route_table",
                    "depends_on": [
                        "aws_internet_gateway.test-docker-ce",
                        "aws_vpc.test-docker-ce"
                    ],
                    "primary": {
                        "id": "rtb-50861129",
                        "attributes": {
                            "id": "rtb-50861129",
                            "propagating_vgws.#": "0",
                            "route.#": "1",
                            "route.357525482.cidr_block": "0.0.0.0/0",
                            "route.357525482.gateway_id": "igw-968582f1",
                            "route.357525482.instance_id": "",
                            "route.357525482.nat_gateway_id": "",
                            "route.357525482.network_interface_id": "",
                            "route.357525482.vpc_peering_connection_id": "",
                            "tags.%": "4",
                            "tags.Environment": "test-docker-ce",
                            "tags.Name": "tf-route-table-test-docker-ce",
                            "tags.Owner": "Gary Stafford",
                            "tags.Terraform": "1",
                            "vpc_id": "vpc-f5cb8893"
                        },
                        "meta": {},
                        "tainted": false
                    },
                    "deposed": [],
                    "provider": ""
                },
                "aws_route_table_association.test-docker-ce": {
                    "type": "aws_route_table_association",
                    "depends_on": [
                        "aws_route_table.test-docker-ce",
                        "aws_subnet.test-docker-ce"
                    ],
                    "primary": {
                        "id": "rtbassoc-0415367c",
                        "attributes": {
                            "id": "rtbassoc-0415367c",
                            "route_table_id": "rtb-50861129",
                            "subnet_id": "subnet-f9f314b1"
                        },
                        "meta": {},
                        "tainted": false
                    },
                    "deposed": [],
                    "provider": ""
                },
                "aws_security_group.test-docker-ce": {
                    "type": "aws_security_group",
                    "depends_on": [
                        "aws_vpc.test-docker-ce"
                    ],
                    "primary": {
                        "id": "sg-647a901b",
                        "attributes": {
                            "description": "Security group for test-docker-ce",
                            "egress.#": "1",
                            "egress.482069346.cidr_blocks.#": "1",
                            "egress.482069346.cidr_blocks.0": "0.0.0.0/0",
                            "egress.482069346.from_port": "0",
                            "egress.482069346.prefix_list_ids.#": "0",
                            "egress.482069346.protocol": "-1",
                            "egress.482069346.security_groups.#": "0",
                            "egress.482069346.self": "false",
                            "egress.482069346.to_port": "0",
                            "id": "sg-647a901b",
                            "ingress.#": "1",
                            "ingress.482069346.cidr_blocks.#": "1",
                            "ingress.482069346.cidr_blocks.0": "0.0.0.0/0",
                            "ingress.482069346.from_port": "0",
                            "ingress.482069346.protocol": "-1",
                            "ingress.482069346.security_groups.#": "0",
                            "ingress.482069346.self": "false",
                            "ingress.482069346.to_port": "0",
                            "name": "security-group-test-docker-ce",
                            "owner_id": "931066906971",
                            "tags.%": "4",
                            "tags.Environment": "test-docker-ce",
                            "tags.Name": "tf-security-group-test-docker-ce",
                            "tags.Owner": "Gary Stafford",
                            "tags.Terraform": "1",
                            "vpc_id": "vpc-f5cb8893"
                        },
                        "meta": {},
                        "tainted": false
                    },
                    "deposed": [],
                    "provider": ""
                },
                "aws_subnet.test-docker-ce": {
                    "type": "aws_subnet",
                    "depends_on": [
                        "aws_vpc.test-docker-ce"
                    ],
                    "primary": {
                        "id": "subnet-f9f314b1",
                        "attributes": {
                            "assign_ipv6_address_on_creation": "false",
                            "availability_zone": "us-east-1a",
                            "cidr_block": "10.0.5.0/24",
                            "id": "subnet-f9f314b1",
                            "map_public_ip_on_launch": "true",
                            "tags.%": "4",
                            "tags.Environment": "test-docker-ce",
                            "tags.Name": "tf-subnet-test-docker-ce",
                            "tags.Owner": "Gary Stafford",
                            "tags.Terraform": "1",
                            "vpc_id": "vpc-f5cb8893"
                        },
                        "meta": {},
                        "tainted": false
                    },
                    "deposed": [],
                    "provider": ""
                },
                "aws_vpc.test-docker-ce": {
                    "type": "aws_vpc",
                    "depends_on": [],
                    "primary": {
                        "id": "vpc-f5cb8893",
                        "attributes": {
                            "assign_generated_ipv6_cidr_block": "false",
                            "cidr_block": "10.0.0.0/16",
                            "default_network_acl_id": "acl-fc7a679a",
                            "default_route_table_id": "rtb-58861121",
                            "default_security_group_id": "sg-727a900d",
                            "dhcp_options_id": "dopt-c0697fa2",
                            "enable_classiclink": "false",
                            "enable_dns_hostnames": "true",
                            "enable_dns_support": "true",
                            "id": "vpc-f5cb8893",
                            "instance_tenancy": "default",
                            "main_route_table_id": "rtb-58861121",
                            "tags.%": "4",
                            "tags.Environment": "test-docker-ce",
                            "tags.Name": "tf-vpc-test-docker-ce",
                            "tags.Owner": "Gary Stafford",
                            "tags.Terraform": "1"
                        },
                        "meta": {},
                        "tainted": false
                    },
                    "deposed": [],
                    "provider": ""
                },
                "data.terraform_remote_state.test-docker-ce": {
                    "type": "terraform_remote_state",
                    "depends_on": [],
                    "primary": {
                        "id": "2017-03-06 18:39:36.848604955 +0000 UTC",
                        "attributes": {
                            "backend": "s3",
                            "config.%": "3",
                            "config.bucket": "tf-remote-state-gstafford",
                            "config.key": "terraform-test-docker-ce.tfstate",
                            "config.region": "us-east-1",
                            "id": "2017-03-06 18:39:36.848604955 +0000 UTC"
                        },
                        "meta": {},
                        "tainted": false
                    },
                    "deposed": [],
                    "provider": ""
                }
            },
            "depends_on": []
        }
    ]
}
